
Microsoft Visual Studio Solution File, Format Version 12.00
# Visual Studio Version 17
VisualStudioVersion = 17.12.35527.113 d17.12
MinimumVisualStudioVersion = 10.0.40219.1
Project("{FAE04EC0-301F-11D3-BF4B-00C04F79EFBC}") = "ora13", "ora13\ora13.csproj", "{2B70DBD3-772F-4075-9E47-AC6EFC93AB02}"
EndProject
Project("{FAE04EC0-301F-11D3-BF4B-00C04F79EFBC}") = "Egyebek", "Egyebek\Egyebek.csproj", "{EFB2B628-CF31-4E0A-9F20-37907FA5D3C8}"
EndProject
Project("{FAE04EC0-301F-11D3-BF4B-00C04F79EFBC}") = "Dictionary", "Dictionary\Dictionary.csproj", "{59967D20-BF12-4D5C-B8CF-57AF00A6B6ED}"
EndProject
Project("{FAE04EC0-301F-11D3-BF4B-00C04F79EFBC}") = "MultidimensionalArrays", "ConsoleApp1\MultidimensionalArrays.csproj", "{CFB3137D-C31B-4049-967B-1221C24806FD}"
EndProject
Global
	GlobalSection(SolutionConfigurationPlatforms) = preSolution
		Debug|Any CPU = Debug|Any CPU
		Release|Any CPU = Release|Any CPU
	EndGlobalSection
	GlobalSection(ProjectConfigurationPlatforms) = postSolution
		{2B70DBD3-772F-4075-9E47-AC6EFC93AB02}.Debug|Any CPU.ActiveCfg = Debug|Any CPU
		{2B70DBD3-772F-4075-9E47-AC6EFC93AB02}.Debug|Any CPU.Build.0 = Debug|Any CPU
		{2B70DBD3-772F-4075-9E47-AC6EFC93AB02}.Release|Any CPU.ActiveCfg = Release|Any CPU
		{2B70DBD3-772F-4075-9E47-AC6EFC93AB02}.Release|Any CPU.Build.0 = Release|Any CPU
		{EFB2B628-CF31-4E0A-9F20-37907FA5D3C8}.Debug|Any CPU.ActiveCfg = Debug|Any CPU
		{EFB2B628-CF31-4E0A-9F20-37907FA5D3C8}.Debug|Any CPU.Build.0 = Debug|Any CPU
		{EFB2B628-CF31-4E0A-9F20-37907FA5D3C8}.Release|Any CPU.ActiveCfg = Release|Any CPU
		{EFB2B628-CF31-4E0A-9F20-37907FA5D3C8}.Release|Any CPU.Build.0 = Release|Any CPU
		{59967D20-BF12-4D5C-B8CF-57AF00A6B6ED}.Debug|Any CPU.ActiveCfg = Debug|Any CPU
		{59967D20-BF12-4D5C-B8CF-57AF00A6B6ED}.Debug|Any CPU.Build.0 = Debug|Any CPU
		{59967D20-BF12-4D5C-B8CF-57AF00A6B6ED}.Release|Any CPU.ActiveCfg = Release|Any CPU
		{59967D20-BF12-4D5C-B8CF-57AF00A6B6ED}.Release|Any CPU.Build.0 = Release|Any CPU
		{CFB3137D-C31B-4049-967B-1221C24806FD}.Debug|Any CPU.ActiveCfg = Debug|Any CPU
		{CFB3137D-C31B-4049-967B-1221C24806FD}.Debug|Any CPU.Build.0 = Debug|Any CPU
		{CFB3137D-C31B-4049-967B-1221C24806FD}.Release|Any CPU.ActiveCfg = Release|Any CPU
		{CFB3137D-C31B-4049-967B-1221C24806FD}.Release|Any CPU.Build.0 = Release|Any CPU
	EndGlobalSection
	GlobalSection(SolutionProperties) = preSolution
		HideSolutionNode = FALSE
	EndGlobalSection
EndGlobal
